// !$*UTF8*$!
{
	archiveVersion = 1;
	classes = {
	};
	objectVersion = 51;
	objects = {

/* Begin PBXBuildFile section */
		363BEA9A22C55DDB0085B0EF /* SplashScreenViewController.swift in Sources */ = {isa = PBXBuildFile; fileRef = 363BEA9922C55DDB0085B0EF /* SplashScreenViewController.swift */; };
		36405B9F22BFCE5C006745F1 /* AppDelegate.swift in Sources */ = {isa = PBXBuildFile; fileRef = 36405B9E22BFCE5C006745F1 /* AppDelegate.swift */; };
		36405BA122BFCE5C006745F1 /* ViewController.swift in Sources */ = {isa = PBXBuildFile; fileRef = 36405BA022BFCE5C006745F1 /* ViewController.swift */; };
		36405BA422BFCE5C006745F1 /* Main.storyboard in Resources */ = {isa = PBXBuildFile; fileRef = 36405BA222BFCE5C006745F1 /* Main.storyboard */; };
		36405BA622BFCE5E006745F1 /* Assets.xcassets in Resources */ = {isa = PBXBuildFile; fileRef = 36405BA522BFCE5E006745F1 /* Assets.xcassets */; };
		36405BA922BFCE5E006745F1 /* LaunchScreen.storyboard in Resources */ = {isa = PBXBuildFile; fileRef = 36405BA722BFCE5E006745F1 /* LaunchScreen.storyboard */; };
		36405BB922BFD4D3006745F1 /* DetailVC.swift in Sources */ = {isa = PBXBuildFile; fileRef = 36405BB822BFD4D3006745F1 /* DetailVC.swift */; };
		36F5F2B222C2387E00FC1AA2 /* CurrencyListVC.swift in Sources */ = {isa = PBXBuildFile; fileRef = 36F5F2B122C2387E00FC1AA2 /* CurrencyListVC.swift */; };
		36F5F2B422C23CE800FC1AA2 /* CurrencyListTableViewCell.swift in Sources */ = {isa = PBXBuildFile; fileRef = 36F5F2B322C23CE800FC1AA2 /* CurrencyListTableViewCell.swift */; };
		36F5F2B922C2BC4800FC1AA2 /* Conversions.swift in Sources */ = {isa = PBXBuildFile; fileRef = 36F5F2B822C2BC4800FC1AA2 /* Conversions.swift */; };
		36F5F2BD22C3CE0A00FC1AA2 /* TransactionTableViewCell.swift in Sources */ = {isa = PBXBuildFile; fileRef = 36F5F2BC22C3CE0A00FC1AA2 /* TransactionTableViewCell.swift */; };
		36F5F2BF22C3CFB200FC1AA2 /* Transactions.swift in Sources */ = {isa = PBXBuildFile; fileRef = 36F5F2BE22C3CFB200FC1AA2 /* Transactions.swift */; };
		36F5F2C122C400FB00FC1AA2 /* AddCardViewController.swift in Sources */ = {isa = PBXBuildFile; fileRef = 36F5F2C022C400FB00FC1AA2 /* AddCardViewController.swift */; };
		36F5F2C322C4019900FC1AA2 /* Card.swift in Sources */ = {isa = PBXBuildFile; fileRef = 36F5F2C222C4019900FC1AA2 /* Card.swift */; };
		FE91000119869BABAEFE6C61 /* Pods_World_Wide_Wallet.framework in Frameworks */ = {isa = PBXBuildFile; fileRef = 76B26A731F9851C76E4F2511 /* Pods_World_Wide_Wallet.framework */; };
/* End PBXBuildFile section */

/* Begin PBXFileReference section */
		363BEA9922C55DDB0085B0EF /* SplashScreenViewController.swift */ = {isa = PBXFileReference; lastKnownFileType = sourcecode.swift; path = SplashScreenViewController.swift; sourceTree = "<group>"; };
		36405B9B22BFCE5C006745F1 /* World Wide Wallet.app */ = {isa = PBXFileReference; explicitFileType = wrapper.application; includeInIndex = 0; path = "World Wide Wallet.app"; sourceTree = BUILT_PRODUCTS_DIR; };
		36405B9E22BFCE5C006745F1 /* AppDelegate.swift */ = {isa = PBXFileReference; lastKnownFileType = sourcecode.swift; path = AppDelegate.swift; sourceTree = "<group>"; };
		36405BA022BFCE5C006745F1 /* ViewController.swift */ = {isa = PBXFileReference; lastKnownFileType = sourcecode.swift; path = ViewController.swift; sourceTree = "<group>"; };
		36405BA322BFCE5C006745F1 /* Base */ = {isa = PBXFileReference; lastKnownFileType = file.storyboard; name = Base; path = Base.lproj/Main.storyboard; sourceTree = "<group>"; };
		36405BA522BFCE5E006745F1 /* Assets.xcassets */ = {isa = PBXFileReference; lastKnownFileType = folder.assetcatalog; path = Assets.xcassets; sourceTree = "<group>"; };
		36405BA822BFCE5E006745F1 /* Base */ = {isa = PBXFileReference; lastKnownFileType = file.storyboard; name = Base; path = Base.lproj/LaunchScreen.storyboard; sourceTree = "<group>"; };
		36405BAA22BFCE5E006745F1 /* Info.plist */ = {isa = PBXFileReference; lastKnownFileType = text.plist.xml; path = Info.plist; sourceTree = "<group>"; };
		36405BB822BFD4D3006745F1 /* DetailVC.swift */ = {isa = PBXFileReference; lastKnownFileType = sourcecode.swift; path = DetailVC.swift; sourceTree = "<group>"; };
		36F5F2B122C2387E00FC1AA2 /* CurrencyListVC.swift */ = {isa = PBXFileReference; lastKnownFileType = sourcecode.swift; path = CurrencyListVC.swift; sourceTree = "<group>"; };
		36F5F2B322C23CE800FC1AA2 /* CurrencyListTableViewCell.swift */ = {isa = PBXFileReference; lastKnownFileType = sourcecode.swift; path = CurrencyListTableViewCell.swift; sourceTree = "<group>"; };
		36F5F2B822C2BC4800FC1AA2 /* Conversions.swift */ = {isa = PBXFileReference; lastKnownFileType = sourcecode.swift; path = Conversions.swift; sourceTree = "<group>"; };
		36F5F2BC22C3CE0A00FC1AA2 /* TransactionTableViewCell.swift */ = {isa = PBXFileReference; lastKnownFileType = sourcecode.swift; path = TransactionTableViewCell.swift; sourceTree = "<group>"; };
		36F5F2BE22C3CFB200FC1AA2 /* Transactions.swift */ = {isa = PBXFileReference; lastKnownFileType = sourcecode.swift; path = Transactions.swift; sourceTree = "<group>"; };
		36F5F2C022C400FB00FC1AA2 /* AddCardViewController.swift */ = {isa = PBXFileReference; lastKnownFileType = sourcecode.swift; path = AddCardViewController.swift; sourceTree = "<group>"; };
		36F5F2C222C4019900FC1AA2 /* Card.swift */ = {isa = PBXFileReference; lastKnownFileType = sourcecode.swift; path = Card.swift; sourceTree = "<group>"; };
		76B26A731F9851C76E4F2511 /* Pods_World_Wide_Wallet.framework */ = {isa = PBXFileReference; explicitFileType = wrapper.framework; includeInIndex = 0; path = Pods_World_Wide_Wallet.framework; sourceTree = BUILT_PRODUCTS_DIR; };
		AE33F35CF8A321607A1C645C /* Pods-World Wide Wallet.release.xcconfig */ = {isa = PBXFileReference; includeInIndex = 1; lastKnownFileType = text.xcconfig; name = "Pods-World Wide Wallet.release.xcconfig"; path = "Target Support Files/Pods-World Wide Wallet/Pods-World Wide Wallet.release.xcconfig"; sourceTree = "<group>"; };
		C96DA5CEA1DD1C6F2B09A7F4 /* Pods-World Wide Wallet.debug.xcconfig */ = {isa = PBXFileReference; includeInIndex = 1; lastKnownFileType = text.xcconfig; name = "Pods-World Wide Wallet.debug.xcconfig"; path = "Target Support Files/Pods-World Wide Wallet/Pods-World Wide Wallet.debug.xcconfig"; sourceTree = "<group>"; };
/* End PBXFileReference section */

/* Begin PBXFrameworksBuildPhase section */
		36405B9822BFCE5C006745F1 /* Frameworks */ = {
			isa = PBXFrameworksBuildPhase;
			buildActionMask = 2147483647;
			files = (
				FE91000119869BABAEFE6C61 /* Pods_World_Wide_Wallet.framework in Frameworks */,
			);
			runOnlyForDeploymentPostprocessing = 0;
		};
/* End PBXFrameworksBuildPhase section */

/* Begin PBXGroup section */
		36405B9222BFCE5C006745F1 = {
			isa = PBXGroup;
			children = (
				36405B9D22BFCE5C006745F1 /* World Wide Wallet */,
				36405B9C22BFCE5C006745F1 /* Products */,
				87954791CA1FA4485F4718A7 /* Pods */,
				743D5E5D029210154E3C5F72 /* Frameworks */,
			);
			sourceTree = "<group>";
		};
		36405B9C22BFCE5C006745F1 /* Products */ = {
			isa = PBXGroup;
			children = (
				36405B9B22BFCE5C006745F1 /* World Wide Wallet.app */,
			);
			name = Products;
			sourceTree = "<group>";
		};
		36405B9D22BFCE5C006745F1 /* World Wide Wallet */ = {
			isa = PBXGroup;
			children = (
				36405B9E22BFCE5C006745F1 /* AppDelegate.swift */,
				36F5F2BE22C3CFB200FC1AA2 /* Transactions.swift */,
				36F5F2B822C2BC4800FC1AA2 /* Conversions.swift */,
				36F5F2C222C4019900FC1AA2 /* Card.swift */,
				36405BA022BFCE5C006745F1 /* ViewController.swift */,
				36F5F2C022C400FB00FC1AA2 /* AddCardViewController.swift */,
				36405BB822BFD4D3006745F1 /* DetailVC.swift */,
				36F5F2B122C2387E00FC1AA2 /* CurrencyListVC.swift */,
				36F5F2B322C23CE800FC1AA2 /* CurrencyListTableViewCell.swift */,
				36F5F2BC22C3CE0A00FC1AA2 /* TransactionTableViewCell.swift */,
				36405BA222BFCE5C006745F1 /* Main.storyboard */,
				363BEA9922C55DDB0085B0EF /* SplashScreenViewController.swift */,
				36405BA522BFCE5E006745F1 /* Assets.xcassets */,
				36405BA722BFCE5E006745F1 /* LaunchScreen.storyboard */,
				36405BAA22BFCE5E006745F1 /* Info.plist */,
			);
			path = "World Wide Wallet";
			sourceTree = "<group>";
		};
		743D5E5D029210154E3C5F72 /* Frameworks */ = {
			isa = PBXGroup;
			children = (
				76B26A731F9851C76E4F2511 /* Pods_World_Wide_Wallet.framework */,
			);
			name = Frameworks;
			sourceTree = "<group>";
		};
		87954791CA1FA4485F4718A7 /* Pods */ = {
			isa = PBXGroup;
			children = (
				C96DA5CEA1DD1C6F2B09A7F4 /* Pods-World Wide Wallet.debug.xcconfig */,
				AE33F35CF8A321607A1C645C /* Pods-World Wide Wallet.release.xcconfig */,
			);
			path = Pods;
			sourceTree = "<group>";
		};
/* End PBXGroup section */

/* Begin PBXNativeTarget section */
		36405B9A22BFCE5C006745F1 /* World Wide Wallet */ = {
			isa = PBXNativeTarget;
			buildConfigurationList = 36405BAD22BFCE5E006745F1 /* Build configuration list for PBXNativeTarget "World Wide Wallet" */;
			buildPhases = (
				6B2E665B43EE9D20EA861C3B /* [CP] Check Pods Manifest.lock */,
				36405B9722BFCE5C006745F1 /* Sources */,
				36405B9822BFCE5C006745F1 /* Frameworks */,
				36405B9922BFCE5C006745F1 /* Resources */,
				468BFFDEDE845593096670E1 /* [CP] Embed Pods Frameworks */,
			);
			buildRules = (
			);
			dependencies = (
			);
			name = "World Wide Wallet";
			productName = "World Wide Wallet";
			productReference = 36405B9B22BFCE5C006745F1 /* World Wide Wallet.app */;
			productType = "com.apple.product-type.application";
		};
/* End PBXNativeTarget section */

/* Begin PBXProject section */
		36405B9322BFCE5C006745F1 /* Project object */ = {
			isa = PBXProject;
			attributes = {
				LastSwiftUpdateCheck = 1020;
				LastUpgradeCheck = 1020;
				ORGANIZATIONNAME = "Mary Otto";
				TargetAttributes = {
					36405B9A22BFCE5C006745F1 = {
						CreatedOnToolsVersion = 10.2.1;
					};
				};
			};
			buildConfigurationList = 36405B9622BFCE5C006745F1 /* Build configuration list for PBXProject "World Wide Wallet" */;
			compatibilityVersion = "Xcode 9.3";
			developmentRegion = en;
			hasScannedForEncodings = 0;
			knownRegions = (
				en,
				Base,
			);
			mainGroup = 36405B9222BFCE5C006745F1;
			productRefGroup = 36405B9C22BFCE5C006745F1 /* Products */;
			projectDirPath = "";
			projectRoot = "";
			targets = (
				36405B9A22BFCE5C006745F1 /* World Wide Wallet */,
			);
		};
/* End PBXProject section */

/* Begin PBXResourcesBuildPhase section */
		36405B9922BFCE5C006745F1 /* Resources */ = {
			isa = PBXResourcesBuildPhase;
			buildActionMask = 2147483647;
			files = (
				36405BA922BFCE5E006745F1 /* LaunchScreen.storyboard in Resources */,
				36405BA622BFCE5E006745F1 /* Assets.xcassets in Resources */,
				36405BA422BFCE5C006745F1 /* Main.storyboard in Resources */,
			);
			runOnlyForDeploymentPostprocessing = 0;
		};
/* End PBXResourcesBuildPhase section */

/* Begin PBXShellScriptBuildPhase section */
		468BFFDEDE845593096670E1 /* [CP] Embed Pods Frameworks */ = {
			isa = PBXShellScriptBuildPhase;
			buildActionMask = 2147483647;
			files = (
			);
			inputFileListPaths = (
				"${PODS_ROOT}/Target Support Files/Pods-World Wide Wallet/Pods-World Wide Wallet-frameworks-${CONFIGURATION}-input-files.xcfilelist",
			);
			name = "[CP] Embed Pods Frameworks";
			outputFileListPaths = (
				"${PODS_ROOT}/Target Support Files/Pods-World Wide Wallet/Pods-World Wide Wallet-frameworks-${CONFIGURATION}-output-files.xcfilelist",
			);
			runOnlyForDeploymentPostprocessing = 0;
			shellPath = /bin/sh;
			shellScript = "\"${PODS_ROOT}/Target Support Files/Pods-World Wide Wallet/Pods-World Wide Wallet-frameworks.sh\"\n";
			showEnvVarsInLog = 0;
		};
		6B2E665B43EE9D20EA861C3B /* [CP] Check Pods Manifest.lock */ = {
			isa = PBXShellScriptBuildPhase;
			buildActionMask = 2147483647;
			files = (
			);
			inputFileListPaths = (
			);
			inputPaths = (
				"${PODS_PODFILE_DIR_PATH}/Podfile.lock",
				"${PODS_ROOT}/Manifest.lock",
			);
			name = "[CP] Check Pods Manifest.lock";
			outputFileListPaths = (
			);
			outputPaths = (
				"$(DERIVED_FILE_DIR)/Pods-World Wide Wallet-checkManifestLockResult.txt",
			);
			runOnlyForDeploymentPostprocessing = 0;
			shellPath = /bin/sh;
			shellScript = "diff \"${PODS_PODFILE_DIR_PATH}/Podfile.lock\" \"${PODS_ROOT}/Manifest.lock\" > /dev/null\nif [ $? != 0 ] ; then\n    # print error to STDERR\n    echo \"error: The sandbox is not in sync with the Podfile.lock. Run 'pod install' or update your CocoaPods installation.\" >&2\n    exit 1\nfi\n# This output is used by Xcode 'outputs' to avoid re-running this script phase.\necho \"SUCCESS\" > \"${SCRIPT_OUTPUT_FILE_0}\"\n";
			showEnvVarsInLog = 0;
		};
/* End PBXShellScriptBuildPhase section */

/* Begin PBXSourcesBuildPhase section */
		36405B9722BFCE5C006745F1 /* Sources */ = {
			isa = PBXSourcesBuildPhase;
			buildActionMask = 2147483647;
			files = (
				36405BA122BFCE5C006745F1 /* ViewController.swift in Sources */,
				36F5F2BD22C3CE0A00FC1AA2 /* TransactionTableViewCell.swift in Sources */,
				36F5F2B222C2387E00FC1AA2 /* CurrencyListVC.swift in Sources */,
				36F5F2C122C400FB00FC1AA2 /* AddCardViewController.swift in Sources */,
				36F5F2B922C2BC4800FC1AA2 /* Conversions.swift in Sources */,
				363BEA9A22C55DDB0085B0EF /* SplashScreenViewController.swift in Sources */,
				36405BB922BFD4D3006745F1 /* DetailVC.swift in Sources */,
				36F5F2BF22C3CFB200FC1AA2 /* Transactions.swift in Sources */,
				36F5F2B422C23CE800FC1AA2 /* CurrencyListTableViewCell.swift in Sources */,
				36405B9F22BFCE5C006745F1 /* AppDelegate.swift in Sources */,
				36F5F2C322C4019900FC1AA2 /* Card.swift in Sources */,
			);
			runOnlyForDeploymentPostprocessing = 0;
		};
/* End PBXSourcesBuildPhase section */

/* Begin PBXVariantGroup section */
		36405BA222BFCE5C006745F1 /* Main.storyboard */ = {
			isa = PBXVariantGroup;
			children = (
				36405BA322BFCE5C006745F1 /* Base */,
			);
			name = Main.storyboard;
			sourceTree = "<group>";
		};
		36405BA722BFCE5E006745F1 /* LaunchScreen.storyboard */ = {
			isa = PBXVariantGroup;
			children = (
				36405BA822BFCE5E006745F1 /* Base */,
			);
			name = LaunchScreen.storyboard;
			sourceTree = "<group>";
		};
/* End PBXVariantGroup section */

/* Begin XCBuildConfiguration section */
		36405BAB22BFCE5E006745F1 /* Debug */ = {
			isa = XCBuildConfiguration;
			buildSettings = {
				ALWAYS_SEARCH_USER_PATHS = NO;
				CLANG_ANALYZER_NONNULL = YES;
				CLANG_ANALYZER_NUMBER_OBJECT_CONVERSION = YES_AGGRESSIVE;
				CLANG_CXX_LANGUAGE_STANDARD = "gnu++14";
				CLANG_CXX_LIBRARY = "libc++";
				CLANG_ENABLE_MODULES = YES;
				CLANG_ENABLE_OBJC_ARC = YES;
				CLANG_ENABLE_OBJC_WEAK = YES;
				CLANG_WARN_BLOCK_CAPTURE_AUTORELEASING = YES;
				CLANG_WARN_BOOL_CONVERSION = YES;
				CLANG_WARN_COMMA = YES;
				CLANG_WARN_CONSTANT_CONVERSION = YES;
				CLANG_WARN_DEPRECATED_OBJC_IMPLEMENTATIONS = YES;
				CLANG_WARN_DIRECT_OBJC_ISA_USAGE = YES_ERROR;
				CLANG_WARN_DOCUMENTATION_COMMENTS = YES;
				CLANG_WARN_EMPTY_BODY = YES;
				CLANG_WARN_ENUM_CONVERSION = YES;
				CLANG_WARN_INFINITE_RECURSION = YES;
				CLANG_WARN_INT_CONVERSION = YES;
				CLANG_WARN_NON_LITERAL_NULL_CONVERSION = YES;
				CLANG_WARN_OBJC_IMPLICIT_RETAIN_SELF = YES;
				CLANG_WARN_OBJC_LITERAL_CONVERSION = YES;
				CLANG_WARN_OBJC_ROOT_CLASS = YES_ERROR;
				CLANG_WARN_RANGE_LOOP_ANALYSIS = YES;
				CLANG_WARN_STRICT_PROTOTYPES = YES;
				CLANG_WARN_SUSPICIOUS_MOVE = YES;
				CLANG_WARN_UNGUARDED_AVAILABILITY = YES_AGGRESSIVE;
				CLANG_WARN_UNREACHABLE_CODE = YES;
				CLANG_WARN__DUPLICATE_METHOD_MATCH = YES;
				CODE_SIGN_IDENTITY = "iPhone Developer";
				COPY_PHASE_STRIP = NO;
				DEBUG_INFORMATION_FORMAT = dwarf;
				ENABLE_STRICT_OBJC_MSGSEND = YES;
				ENABLE_TESTABILITY = YES;
				GCC_C_LANGUAGE_STANDARD = gnu11;
				GCC_DYNAMIC_NO_PIC = NO;
				GCC_NO_COMMON_BLOCKS = YES;
				GCC_OPTIMIZATION_LEVEL = 0;
				GCC_PREPROCESSOR_DEFINITIONS = (
					"DEBUG=1",
					"$(inherited)",
				);
				GCC_WARN_64_TO_32_BIT_CONVERSION = YES;
				GCC_WARN_ABOUT_RETURN_TYPE = YES_ERROR;
				GCC_WARN_UNDECLARED_SELECTOR = YES;
				GCC_WARN_UNINITIALIZED_AUTOS = YES_AGGRESSIVE;
				GCC_WARN_UNUSED_FUNCTION = YES;
				GCC_WARN_UNUSED_VARIABLE = YES;
				IPHONEOS_DEPLOYMENT_TARGET = 12.2;
				MTL_ENABLE_DEBUG_INFO = INCLUDE_SOURCE;
				MTL_FAST_MATH = YES;
				ONLY_ACTIVE_ARCH = YES;
				SDKROOT = iphoneos;
				SWIFT_ACTIVE_COMPILATION_CONDITIONS = DEBUG;
				SWIFT_OPTIMIZATION_LEVEL = "-Onone";
			};
			name = Debug;
		};
		36405BAC22BFCE5E006745F1 /* Release */ = {
			isa = XCBuildConfiguration;
			buildSettings = {
				ALWAYS_SEARCH_USER_PATHS = NO;
				CLANG_ANALYZER_NONNULL = YES;
				CLANG_ANALYZER_NUMBER_OBJECT_CONVERSION = YES_AGGRESSIVE;
				CLANG_CXX_LANGUAGE_STANDARD = "gnu++14";
				CLANG_CXX_LIBRARY = "libc++";
				CLANG_ENABLE_MODULES = YES;
				CLANG_ENABLE_OBJC_ARC = YES;
				CLANG_ENABLE_OBJC_WEAK = YES;
				CLANG_WARN_BLOCK_CAPTURE_AUTORELEASING = YES;
				CLANG_WARN_BOOL_CONVERSION = YES;
				CLANG_WARN_COMMA = YES;
				CLANG_WARN_CONSTANT_CONVERSION = YES;
				CLANG_WARN_DEPRECATED_OBJC_IMPLEMENTATIONS = YES;
				CLANG_WARN_DIRECT_OBJC_ISA_USAGE = YES_ERROR;
				CLANG_WARN_DOCUMENTATION_COMMENTS = YES;
				CLANG_WARN_EMPTY_BODY = YES;
				CLANG_WARN_ENUM_CONVERSION = YES;
				CLANG_WARN_INFINITE_RECURSION = YES;
				CLANG_WARN_INT_CONVERSION = YES;
				CLANG_WARN_NON_LITERAL_NULL_CONVERSION = YES;
				CLANG_WARN_OBJC_IMPLICIT_RETAIN_SELF = YES;
				CLANG_WARN_OBJC_LITERAL_CONVERSION = YES;
				CLANG_WARN_OBJC_ROOT_CLASS = YES_ERROR;
				CLANG_WARN_RANGE_LOOP_ANALYSIS = YES;
				CLANG_WARN_STRICT_PROTOTYPES = YES;
				CLANG_WARN_SUSPICIOUS_MOVE = YES;
				CLANG_WARN_UNGUARDED_AVAILABILITY = YES_AGGRESSIVE;
				CLANG_WARN_UNREACHABLE_CODE = YES;
				CLANG_WARN__DUPLICATE_METHOD_MATCH = YES;
				CODE_SIGN_IDENTITY = "iPhone Developer";
				COPY_PHASE_STRIP = NO;
				DEBUG_INFORMATION_FORMAT = "dwarf-with-dsym";
				ENABLE_NS_ASSERTIONS = NO;
				ENABLE_STRICT_OBJC_MSGSEND = YES;
				GCC_C_LANGUAGE_STANDARD = gnu11;
				GCC_NO_COMMON_BLOCKS = YES;
				GCC_WARN_64_TO_32_BIT_CONVERSION = YES;
				GCC_WARN_ABOUT_RETURN_TYPE = YES_ERROR;
				GCC_WARN_UNDECLARED_SELECTOR = YES;
				GCC_WARN_UNINITIALIZED_AUTOS = YES_AGGRESSIVE;
				GCC_WARN_UNUSED_FUNCTION = YES;
				GCC_WARN_UNUSED_VARIABLE = YES;
				IPHONEOS_DEPLOYMENT_TARGET = 12.2;
				MTL_ENABLE_DEBUG_INFO = NO;
				MTL_FAST_MATH = YES;
				SDKROOT = iphoneos;
				SWIFT_COMPILATION_MODE = wholemodule;
				SWIFT_OPTIMIZATION_LEVEL = "-O";
				VALIDATE_PRODUCT = YES;
			};
			name = Release;
		};
		36405BAE22BFCE5E006745F1 /* Debug */ = {
			isa = XCBuildConfiguration;
			baseConfigurationReference = C96DA5CEA1DD1C6F2B09A7F4 /* Pods-World Wide Wallet.debug.xcconfig */;
			buildSettings = {
				ASSETCATALOG_COMPILER_APPICON_NAME = AppIcon;
				CODE_SIGN_STYLE = Automatic;
				DEVELOPMENT_TEAM = R2G2R8PLBQ;
				INFOPLIST_FILE = "World Wide Wallet/Info.plist";
				LD_RUNPATH_SEARCH_PATHS = (
					"$(inherited)",
					"@executable_path/Frameworks",
				);
				PRODUCT_BUNDLE_IDENTIFIER = "com.Otto.World-Wide-Wallet";
				PRODUCT_NAME = "$(TARGET_NAME)";
				SWIFT_VERSION = 5.0;
				TARGETED_DEVICE_FAMILY = "1,2";
			};
			name = Debug;
		};
		36405BAF22BFCE5E006745F1 /* Release */ = {
			isa = XCBuildConfiguration;
			baseConfigurationReference = AE33F35CF8A321607A1C645C /* Pods-World Wide Wallet.release.xcconfig */;
			buildSettings = {
				ASSETCATALOG_COMPILER_APPICON_NAME = AppIcon;
				CODE_SIGN_STYLE = Automatic;
				DEVELOPMENT_TEAM = R2G2R8PLBQ;
				INFOPLIST_FILE = "World Wide Wallet/Info.plist";
				LD_RUNPATH_SEARCH_PATHS = (
					"$(inherited)",
					"@executable_path/Frameworks",
				);
				PRODUCT_BUNDLE_IDENTIFIER = "com.Otto.World-Wide-Wallet";
				PRODUCT_NAME = "$(TARGET_NAME)";
				SWIFT_VERSION = 5.0;
				TARGETED_DEVICE_FAMILY = "1,2";
			};
			name = Release;
		};
/* End XCBuildConfiguration section */

/* Begin XCConfigurationList section */
		36405B9622BFCE5C006745F1 /* Build configuration list for PBXProject "World Wide Wallet" */ = {
			isa = XCConfigurationList;
			buildConfigurations = (
				36405BAB22BFCE5E006745F1 /* Debug */,
				36405BAC22BFCE5E006745F1 /* Release */,
			);
			defaultConfigurationIsVisible = 0;
			defaultConfigurationName = Release;
		};
		36405BAD22BFCE5E006745F1 /* Build configuration list for PBXNativeTarget "World Wide Wallet" */ = {
			isa = XCConfigurationList;
			buildConfigurations = (
				36405BAE22BFCE5E006745F1 /* Debug */,
				36405BAF22BFCE5E006745F1 /* Release */,
			);
			defaultConfigurationIsVisible = 0;
			defaultConfigurationName = Release;
		};
/* End XCConfigurationList section */
	};
	rootObject = 36405B9322BFCE5C006745F1 /* Project object */;
}
